
Microsoft Visual Studio Solution File, Format Version 12.00
# Visual Studio Version 17
VisualStudioVersion = 17.3.32825.248
MinimumVisualStudioVersion = 10.0.40219.1
Project("{FAE04EC0-301F-11D3-BF4B-00C04F79EFBC}") = "Hotel1", "Hotel1.csproj", "{E88CB2AB-578B-4536-A9EB-47A97F577F95}"
EndProject
Global
	GlobalSection(SolutionConfigurationPlatforms) = preSolution
		Debug|Any CPU = Debug|Any CPU
		Release|Any CPU = Release|Any CPU
	EndGlobalSection
	GlobalSection(ProjectConfigurationPlatforms) = postSolution
		{E88CB2AB-578B-4536-A9EB-47A97F577F95}.Debug|Any CPU.ActiveCfg = Debug|Any CPU
		{E88CB2AB-578B-4536-A9EB-47A97F577F95}.Debug|Any CPU.Build.0 = Debug|Any CPU
		{E88CB2AB-578B-4536-A9EB-47A97F577F95}.Release|Any CPU.ActiveCfg = Release|Any CPU
		{E88CB2AB-578B-4536-A9EB-47A97F577F95}.Release|Any CPU.Build.0 = Release|Any CPU
	EndGlobalSection
	GlobalSection(SolutionProperties) = preSolution
		HideSolutionNode = FALSE
	EndGlobalSection
	GlobalSection(ExtensibilityGlobals) = postSolution
		SolutionGuid = {0D79CCE5-779A-4B6F-9E3E-716DFF487E5F}
	EndGlobalSection
EndGlobal
